// !$*UTF8*$!
{
	archiveVersion = 1;
	classes = {
	};
	objectVersion = 46;
	objects = {

/* Begin PBXBuildFile section */
		F8B4739D1C1D2F3000BA91F2 /* AppDelegate.swift in Sources */ = {isa = PBXBuildFile; fileRef = F8B4739C1C1D2F3000BA91F2 /* AppDelegate.swift */; };
		F8B4739F1C1D2F3000BA91F2 /* ViewController.swift in Sources */ = {isa = PBXBuildFile; fileRef = F8B4739E1C1D2F3000BA91F2 /* ViewController.swift */; };
		F8B473A21C1D2F3000BA91F2 /* Main.storyboard in Resources */ = {isa = PBXBuildFile; fileRef = F8B473A01C1D2F3000BA91F2 /* Main.storyboard */; };
		F8B473A41C1D2F3000BA91F2 /* Assets.xcassets in Resources */ = {isa = PBXBuildFile; fileRef = F8B473A31C1D2F3000BA91F2 /* Assets.xcassets */; };
		F8B473A71C1D2F3000BA91F2 /* LaunchScreen.storyboard in Resources */ = {isa = PBXBuildFile; fileRef = F8B473A51C1D2F3000BA91F2 /* LaunchScreen.storyboard */; };
		F8B473B21C1D2F3000BA91F2 /* UberTests.swift in Sources */ = {isa = PBXBuildFile; fileRef = F8B473B11C1D2F3000BA91F2 /* UberTests.swift */; };
		F8B473BD1C1D2F3000BA91F2 /* UberUITests.swift in Sources */ = {isa = PBXBuildFile; fileRef = F8B473BC1C1D2F3000BA91F2 /* UberUITests.swift */; };
/* End PBXBuildFile section */

/* Begin PBXContainerItemProxy section */
		F8B473AE1C1D2F3000BA91F2 /* PBXContainerItemProxy */ = {
			isa = PBXContainerItemProxy;
			containerPortal = F8B473911C1D2F3000BA91F2 /* Project object */;
			proxyType = 1;
			remoteGlobalIDString = F8B473981C1D2F3000BA91F2;
			remoteInfo = Uber;
		};
		F8B473B91C1D2F3000BA91F2 /* PBXContainerItemProxy */ = {
			isa = PBXContainerItemProxy;
			containerPortal = F8B473911C1D2F3000BA91F2 /* Project object */;
			proxyType = 1;
			remoteGlobalIDString = F8B473981C1D2F3000BA91F2;
			remoteInfo = Uber;
		};
/* End PBXContainerItemProxy section */

/* Begin PBXFileReference section */
		F8B473991C1D2F3000BA91F2 /* Uber.app */ = {isa = PBXFileReference; explicitFileType = wrapper.application; includeInIndex = 0; path = Uber.app; sourceTree = BUILT_PRODUCTS_DIR; };
		F8B4739C1C1D2F3000BA91F2 /* AppDelegate.swift */ = {isa = PBXFileReference; lastKnownFileType = sourcecode.swift; path = AppDelegate.swift; sourceTree = "<group>"; };
		F8B4739E1C1D2F3000BA91F2 /* ViewController.swift */ = {isa = PBXFileReference; lastKnownFileType = sourcecode.swift; path = ViewController.swift; sourceTree = "<group>"; };
		F8B473A11C1D2F3000BA91F2 /* Base */ = {isa = PBXFileReference; lastKnownFileType = file.storyboard; name = Base; path = Base.lproj/Main.storyboard; sourceTree = "<group>"; };
		F8B473A31C1D2F3000BA91F2 /* Assets.xcassets */ = {isa = PBXFileReference; lastKnownFileType = folder.assetcatalog; path = Assets.xcassets; sourceTree = "<group>"; };
		F8B473A61C1D2F3000BA91F2 /* Base */ = {isa = PBXFileReference; lastKnownFileType = file.storyboard; name = Base; path = Base.lproj/LaunchScreen.storyboard; sourceTree = "<group>"; };
		F8B473A81C1D2F3000BA91F2 /* Info.plist */ = {isa = PBXFileReference; lastKnownFileType = text.plist.xml; path = Info.plist; sourceTree = "<group>"; };
		F8B473AD1C1D2F3000BA91F2 /* UberTests.xctest */ = {isa = PBXFileReference; explicitFileType = wrapper.cfbundle; includeInIndex = 0; path = UberTests.xctest; sourceTree = BUILT_PRODUCTS_DIR; };
		F8B473B11C1D2F3000BA91F2 /* UberTests.swift */ = {isa = PBXFileReference; lastKnownFileType = sourcecode.swift; path = UberTests.swift; sourceTree = "<group>"; };
		F8B473B31C1D2F3000BA91F2 /* Info.plist */ = {isa = PBXFileReference; lastKnownFileType = text.plist.xml; path = Info.plist; sourceTree = "<group>"; };
		F8B473B81C1D2F3000BA91F2 /* UberUITests.xctest */ = {isa = PBXFileReference; explicitFileType = wrapper.cfbundle; includeInIndex = 0; path = UberUITests.xctest; sourceTree = BUILT_PRODUCTS_DIR; };
		F8B473BC1C1D2F3000BA91F2 /* UberUITests.swift */ = {isa = PBXFileReference; lastKnownFileType = sourcecode.swift; path = UberUITests.swift; sourceTree = "<group>"; };
		F8B473BE1C1D2F3000BA91F2 /* Info.plist */ = {isa = PBXFileReference; lastKnownFileType = text.plist.xml; path = Info.plist; sourceTree = "<group>"; };
/* End PBXFileReference section */

/* Begin PBXFrameworksBuildPhase section */
		F8B473961C1D2F3000BA91F2 /* Frameworks */ = {
			isa = PBXFrameworksBuildPhase;
			buildActionMask = 2147483647;
			files = (
			);
			runOnlyForDeploymentPostprocessing = 0;
		};
		F8B473AA1C1D2F3000BA91F2 /* Frameworks */ = {
			isa = PBXFrameworksBuildPhase;
			buildActionMask = 2147483647;
			files = (
			);
			runOnlyForDeploymentPostprocessing = 0;
		};
		F8B473B51C1D2F3000BA91F2 /* Frameworks */ = {
			isa = PBXFrameworksBuildPhase;
			buildActionMask = 2147483647;
			files = (
			);
			runOnlyForDeploymentPostprocessing = 0;
		};
/* End PBXFrameworksBuildPhase section */

/* Begin PBXGroup section */
		F8B473901C1D2F3000BA91F2 = {
			isa = PBXGroup;
			children = (
				F8B4739B1C1D2F3000BA91F2 /* Uber */,
				F8B473B01C1D2F3000BA91F2 /* UberTests */,
				F8B473BB1C1D2F3000BA91F2 /* UberUITests */,
				F8B4739A1C1D2F3000BA91F2 /* Products */,
			);
			sourceTree = "<group>";
		};
		F8B4739A1C1D2F3000BA91F2 /* Products */ = {
			isa = PBXGroup;
			children = (
				F8B473991C1D2F3000BA91F2 /* Uber.app */,
				F8B473AD1C1D2F3000BA91F2 /* UberTests.xctest */,
				F8B473B81C1D2F3000BA91F2 /* UberUITests.xctest */,
			);
			name = Products;
			sourceTree = "<group>";
		};
		F8B4739B1C1D2F3000BA91F2 /* Uber */ = {
			isa = PBXGroup;
			children = (
				F8B4739C1C1D2F3000BA91F2 /* AppDelegate.swift */,
				F8B4739E1C1D2F3000BA91F2 /* ViewController.swift */,
				F8B473A01C1D2F3000BA91F2 /* Main.storyboard */,
				F8B473A31C1D2F3000BA91F2 /* Assets.xcassets */,
				F8B473A51C1D2F3000BA91F2 /* LaunchScreen.storyboard */,
				F8B473A81C1D2F3000BA91F2 /* Info.plist */,
			);
			path = Uber;
			sourceTree = "<group>";
		};
		F8B473B01C1D2F3000BA91F2 /* UberTests */ = {
			isa = PBXGroup;
			children = (
				F8B473B11C1D2F3000BA91F2 /* UberTests.swift */,
				F8B473B31C1D2F3000BA91F2 /* Info.plist */,
			);
			path = UberTests;
			sourceTree = "<group>";
		};
		F8B473BB1C1D2F3000BA91F2 /* UberUITests */ = {
			isa = PBXGroup;
			children = (
				F8B473BC1C1D2F3000BA91F2 /* UberUITests.swift */,
				F8B473BE1C1D2F3000BA91F2 /* Info.plist */,
			);
			path = UberUITests;
			sourceTree = "<group>";
		};
/* End PBXGroup section */

/* Begin PBXNativeTarget section */
		F8B473981C1D2F3000BA91F2 /* Uber */ = {
			isa = PBXNativeTarget;
			buildConfigurationList = F8B473C11C1D2F3000BA91F2 /* Build configuration list for PBXNativeTarget "Uber" */;
			buildPhases = (
				F8B473951C1D2F3000BA91F2 /* Sources */,
				F8B473961C1D2F3000BA91F2 /* Frameworks */,
				F8B473971C1D2F3000BA91F2 /* Resources */,
			);
			buildRules = (
			);
			dependencies = (
			);
			name = Uber;
			productName = Uber;
			productReference = F8B473991C1D2F3000BA91F2 /* Uber.app */;
			productType = "com.apple.product-type.application";
		};
		F8B473AC1C1D2F3000BA91F2 /* UberTests */ = {
			isa = PBXNativeTarget;
			buildConfigurationList = F8B473C41C1D2F3000BA91F2 /* Build configuration list for PBXNativeTarget "UberTests" */;
			buildPhases = (
				F8B473A91C1D2F3000BA91F2 /* Sources */,
				F8B473AA1C1D2F3000BA91F2 /* Frameworks */,
				F8B473AB1C1D2F3000BA91F2 /* Resources */,
			);
			buildRules = (
			);
			dependencies = (
				F8B473AF1C1D2F3000BA91F2 /* PBXTargetDependency */,
			);
			name = UberTests;
			productName = UberTests;
			productReference = F8B473AD1C1D2F3000BA91F2 /* UberTests.xctest */;
			productType = "com.apple.product-type.bundle.unit-test";
		};
		F8B473B71C1D2F3000BA91F2 /* UberUITests */ = {
			isa = PBXNativeTarget;
			buildConfigurationList = F8B473C71C1D2F3000BA91F2 /* Build configuration list for PBXNativeTarget "UberUITests" */;
			buildPhases = (
				F8B473B41C1D2F3000BA91F2 /* Sources */,
				F8B473B51C1D2F3000BA91F2 /* Frameworks */,
				F8B473B61C1D2F3000BA91F2 /* Resources */,
			);
			buildRules = (
			);
			dependencies = (
				F8B473BA1C1D2F3000BA91F2 /* PBXTargetDependency */,
			);
			name = UberUITests;
			productName = UberUITests;
			productReference = F8B473B81C1D2F3000BA91F2 /* UberUITests.xctest */;
			productType = "com.apple.product-type.bundle.ui-testing";
		};
/* End PBXNativeTarget section */

/* Begin PBXProject section */
		F8B473911C1D2F3000BA91F2 /* Project object */ = {
			isa = PBXProject;
			attributes = {
				LastSwiftUpdateCheck = 0720;
				LastUpgradeCheck = 0720;
				ORGANIZATIONNAME = eviloo7;
				TargetAttributes = {
					F8B473981C1D2F3000BA91F2 = {
						CreatedOnToolsVersion = 7.2;
					};
					F8B473AC1C1D2F3000BA91F2 = {
						CreatedOnToolsVersion = 7.2;
						TestTargetID = F8B473981C1D2F3000BA91F2;
					};
					F8B473B71C1D2F3000BA91F2 = {
						CreatedOnToolsVersion = 7.2;
						TestTargetID = F8B473981C1D2F3000BA91F2;
					};
				};
			};
			buildConfigurationList = F8B473941C1D2F3000BA91F2 /* Build configuration list for PBXProject "Uber" */;
			compatibilityVersion = "Xcode 3.2";
			developmentRegion = English;
			hasScannedForEncodings = 0;
			knownRegions = (
				en,
				Base,
			);
			mainGroup = F8B473901C1D2F3000BA91F2;
			productRefGroup = F8B4739A1C1D2F3000BA91F2 /* Products */;
			projectDirPath = "";
			projectRoot = "";
			targets = (
				F8B473981C1D2F3000BA91F2 /* Uber */,
				F8B473AC1C1D2F3000BA91F2 /* UberTests */,
				F8B473B71C1D2F3000BA91F2 /* UberUITests */,
			);
		};
/* End PBXProject section */

/* Begin PBXResourcesBuildPhase section */
		F8B473971C1D2F3000BA91F2 /* Resources */ = {
			isa = PBXResourcesBuildPhase;
			buildActionMask = 2147483647;
			files = (
				F8B473A71C1D2F3000BA91F2 /* LaunchScreen.storyboard in Resources */,
				F8B473A41C1D2F3000BA91F2 /* Assets.xcassets in Resources */,
				F8B473A21C1D2F3000BA91F2 /* Main.storyboard in Resources */,
			);
			runOnlyForDeploymentPostprocessing = 0;
		};
		F8B473AB1C1D2F3000BA91F2 /* Resources */ = {
			isa = PBXResourcesBuildPhase;
			buildActionMask = 2147483647;
			files = (
			);
			runOnlyForDeploymentPostprocessing = 0;
		};
		F8B473B61C1D2F3000BA91F2 /* Resources */ = {
			isa = PBXResourcesBuildPhase;
			buildActionMask = 2147483647;
			files = (
			);
			runOnlyForDeploymentPostprocessing = 0;
		};
/* End PBXResourcesBuildPhase section */

/* Begin PBXSourcesBuildPhase section */
		F8B473951C1D2F3000BA91F2 /* Sources */ = {
			isa = PBXSourcesBuildPhase;
			buildActionMask = 2147483647;
			files = (
				F8B4739F1C1D2F3000BA91F2 /* ViewController.swift in Sources */,
				F8B4739D1C1D2F3000BA91F2 /* AppDelegate.swift in Sources */,
			);
			runOnlyForDeploymentPostprocessing = 0;
		};
		F8B473A91C1D2F3000BA91F2 /* Sources */ = {
			isa = PBXSourcesBuildPhase;
			buildActionMask = 2147483647;
			files = (
				F8B473B21C1D2F3000BA91F2 /* UberTests.swift in Sources */,
			);
			runOnlyForDeploymentPostprocessing = 0;
		};
		F8B473B41C1D2F3000BA91F2 /* Sources */ = {
			isa = PBXSourcesBuildPhase;
			buildActionMask = 2147483647;
			files = (
				F8B473BD1C1D2F3000BA91F2 /* UberUITests.swift in Sources */,
			);
			runOnlyForDeploymentPostprocessing = 0;
		};
/* End PBXSourcesBuildPhase section */

/* Begin PBXTargetDependency section */
		F8B473AF1C1D2F3000BA91F2 /* PBXTargetDependency */ = {
			isa = PBXTargetDependency;
			target = F8B473981C1D2F3000BA91F2 /* Uber */;
			targetProxy = F8B473AE1C1D2F3000BA91F2 /* PBXContainerItemProxy */;
		};
		F8B473BA1C1D2F3000BA91F2 /* PBXTargetDependency */ = {
			isa = PBXTargetDependency;
			target = F8B473981C1D2F3000BA91F2 /* Uber */;
			targetProxy = F8B473B91C1D2F3000BA91F2 /* PBXContainerItemProxy */;
		};
/* End PBXTargetDependency section */

/* Begin PBXVariantGroup section */
		F8B473A01C1D2F3000BA91F2 /* Main.storyboard */ = {
			isa = PBXVariantGroup;
			children = (
				F8B473A11C1D2F3000BA91F2 /* Base */,
			);
			name = Main.storyboard;
			sourceTree = "<group>";
		};
		F8B473A51C1D2F3000BA91F2 /* LaunchScreen.storyboard */ = {
			isa = PBXVariantGroup;
			children = (
				F8B473A61C1D2F3000BA91F2 /* Base */,
			);
			name = LaunchScreen.storyboard;
			sourceTree = "<group>";
		};
/* End PBXVariantGroup section */

/* Begin XCBuildConfiguration section */
		F8B473BF1C1D2F3000BA91F2 /* Debug */ = {
			isa = XCBuildConfiguration;
			buildSettings = {
				ALWAYS_SEARCH_USER_PATHS = NO;
				CLANG_CXX_LANGUAGE_STANDARD = "gnu++0x";
				CLANG_CXX_LIBRARY = "libc++";
				CLANG_ENABLE_MODULES = YES;
				CLANG_ENABLE_OBJC_ARC = YES;
				CLANG_WARN_BOOL_CONVERSION = YES;
				CLANG_WARN_CONSTANT_CONVERSION = YES;
				CLANG_WARN_DIRECT_OBJC_ISA_USAGE = YES_ERROR;
				CLANG_WARN_EMPTY_BODY = YES;
				CLANG_WARN_ENUM_CONVERSION = YES;
				CLANG_WARN_INT_CONVERSION = YES;
				CLANG_WARN_OBJC_ROOT_CLASS = YES_ERROR;
				CLANG_WARN_UNREACHABLE_CODE = YES;
				CLANG_WARN__DUPLICATE_METHOD_MATCH = YES;
				"CODE_SIGN_IDENTITY[sdk=iphoneos*]" = "iPhone Developer";
				COPY_PHASE_STRIP = NO;
				DEBUG_INFORMATION_FORMAT = dwarf;
				ENABLE_STRICT_OBJC_MSGSEND = YES;
				ENABLE_TESTABILITY = YES;
				GCC_C_LANGUAGE_STANDARD = gnu99;
				GCC_DYNAMIC_NO_PIC = NO;
				GCC_NO_COMMON_BLOCKS = YES;
				GCC_OPTIMIZATION_LEVEL = 0;
				GCC_PREPROCESSOR_DEFINITIONS = (
					"DEBUG=1",
					"$(inherited)",
				);
				GCC_WARN_64_TO_32_BIT_CONVERSION = YES;
				GCC_WARN_ABOUT_RETURN_TYPE = YES_ERROR;
				GCC_WARN_UNDECLARED_SELECTOR = YES;
				GCC_WARN_UNINITIALIZED_AUTOS = YES_AGGRESSIVE;
				GCC_WARN_UNUSED_FUNCTION = YES;
				GCC_WARN_UNUSED_VARIABLE = YES;
				IPHONEOS_DEPLOYMENT_TARGET = 9.2;
				MTL_ENABLE_DEBUG_INFO = YES;
				ONLY_ACTIVE_ARCH = YES;
				SDKROOT = iphoneos;
				SWIFT_OPTIMIZATION_LEVEL = "-Onone";
			};
			name = Debug;
		};
		F8B473C01C1D2F3000BA91F2 /* Release */ = {
			isa = XCBuildConfiguration;
			buildSettings = {
				ALWAYS_SEARCH_USER_PATHS = NO;
				CLANG_CXX_LANGUAGE_STANDARD = "gnu++0x";
				CLANG_CXX_LIBRARY = "libc++";
				CLANG_ENABLE_MODULES = YES;
				CLANG_ENABLE_OBJC_ARC = YES;
				CLANG_WARN_BOOL_CONVERSION = YES;
				CLANG_WARN_CONSTANT_CONVERSION = YES;
				CLANG_WARN_DIRECT_OBJC_ISA_USAGE = YES_ERROR;
				CLANG_WARN_EMPTY_BODY = YES;
				CLANG_WARN_ENUM_CONVERSION = YES;
				CLANG_WARN_INT_CONVERSION = YES;
				CLANG_WARN_OBJC_ROOT_CLASS = YES_ERROR;
				CLANG_WARN_UNREACHABLE_CODE = YES;
				CLANG_WARN__DUPLICATE_METHOD_MATCH = YES;
				"CODE_SIGN_IDENTITY[sdk=iphoneos*]" = "iPhone Developer";
				COPY_PHASE_STRIP = NO;
				DEBUG_INFORMATION_FORMAT = "dwarf-with-dsym";
				ENABLE_NS_ASSERTIONS = NO;
				ENABLE_STRICT_OBJC_MSGSEND = YES;
				GCC_C_LANGUAGE_STANDARD = gnu99;
				GCC_NO_COMMON_BLOCKS = YES;
				GCC_WARN_64_TO_32_BIT_CONVERSION = YES;
				GCC_WARN_ABOUT_RETURN_TYPE = YES_ERROR;
				GCC_WARN_UNDECLARED_SELECTOR = YES;
				GCC_WARN_UNINITIALIZED_AUTOS = YES_AGGRESSIVE;
				GCC_WARN_UNUSED_FUNCTION = YES;
				GCC_WARN_UNUSED_VARIABLE = YES;
				IPHONEOS_DEPLOYMENT_TARGET = 9.2;
				MTL_ENABLE_DEBUG_INFO = NO;
				SDKROOT = iphoneos;
				VALIDATE_PRODUCT = YES;
			};
			name = Release;
		};
		F8B473C21C1D2F3000BA91F2 /* Debug */ = {
			isa = XCBuildConfiguration;
			buildSettings = {
				ASSETCATALOG_COMPILER_APPICON_NAME = AppIcon;
				INFOPLIST_FILE = Uber/Info.plist;
				LD_RUNPATH_SEARCH_PATHS = "$(inherited) @executable_path/Frameworks";
				PRODUCT_BUNDLE_IDENTIFIER = evil.Uber;
				PRODUCT_NAME = "$(TARGET_NAME)";
			};
			name = Debug;
		};
		F8B473C31C1D2F3000BA91F2 /* Release */ = {
			isa = XCBuildConfiguration;
			buildSettings = {
				ASSETCATALOG_COMPILER_APPICON_NAME = AppIcon;
				INFOPLIST_FILE = Uber/Info.plist;
				LD_RUNPATH_SEARCH_PATHS = "$(inherited) @executable_path/Frameworks";
				PRODUCT_BUNDLE_IDENTIFIER = evil.Uber;
				PRODUCT_NAME = "$(TARGET_NAME)";
			};
			name = Release;
		};
		F8B473C51C1D2F3000BA91F2 /* Debug */ = {
			isa = XCBuildConfiguration;
			buildSettings = {
				BUNDLE_LOADER = "$(TEST_HOST)";
				INFOPLIST_FILE = UberTests/Info.plist;
				LD_RUNPATH_SEARCH_PATHS = "$(inherited) @executable_path/Frameworks @loader_path/Frameworks";
				PRODUCT_BUNDLE_IDENTIFIER = evil.UberTests;
				PRODUCT_NAME = "$(TARGET_NAME)";
				TEST_HOST = "$(BUILT_PRODUCTS_DIR)/Uber.app/Uber";
			};
			name = Debug;
		};
		F8B473C61C1D2F3000BA91F2 /* Release */ = {
			isa = XCBuildConfiguration;
			buildSettings = {
				BUNDLE_LOADER = "$(TEST_HOST)";
				INFOPLIST_FILE = UberTests/Info.plist;
				LD_RUNPATH_SEARCH_PATHS = "$(inherited) @executable_path/Frameworks @loader_path/Frameworks";
				PRODUCT_BUNDLE_IDENTIFIER = evil.UberTests;
				PRODUCT_NAME = "$(TARGET_NAME)";
				TEST_HOST = "$(BUILT_PRODUCTS_DIR)/Uber.app/Uber";
			};
			name = Release;
		};
		F8B473C81C1D2F3000BA91F2 /* Debug */ = {
			isa = XCBuildConfiguration;
			buildSettings = {
				INFOPLIST_FILE = UberUITests/Info.plist;
				LD_RUNPATH_SEARCH_PATHS = "$(inherited) @executable_path/Frameworks @loader_path/Frameworks";
				PRODUCT_BUNDLE_IDENTIFIER = evil.UberUITests;
				PRODUCT_NAME = "$(TARGET_NAME)";
				TEST_TARGET_NAME = Uber;
				USES_XCTRUNNER = YES;
			};
			name = Debug;
		};
		F8B473C91C1D2F3000BA91F2 /* Release */ = {
			isa = XCBuildConfiguration;
			buildSettings = {
				INFOPLIST_FILE = UberUITests/Info.plist;
				LD_RUNPATH_SEARCH_PATHS = "$(inherited) @executable_path/Frameworks @loader_path/Frameworks";
				PRODUCT_BUNDLE_IDENTIFIER = evil.UberUITests;
				PRODUCT_NAME = "$(TARGET_NAME)";
				TEST_TARGET_NAME = Uber;
				USES_XCTRUNNER = YES;
			};
			name = Release;
		};
/* End XCBuildConfiguration section */

/* Begin XCConfigurationList section */
		F8B473941C1D2F3000BA91F2 /* Build configuration list for PBXProject "Uber" */ = {
			isa = XCConfigurationList;
			buildConfigurations = (
				F8B473BF1C1D2F3000BA91F2 /* Debug */,
				F8B473C01C1D2F3000BA91F2 /* Release */,
			);
			defaultConfigurationIsVisible = 0;
			defaultConfigurationName = Release;
		};
		F8B473C11C1D2F3000BA91F2 /* Build configuration list for PBXNativeTarget "Uber" */ = {
			isa = XCConfigurationList;
			buildConfigurations = (
				F8B473C21C1D2F3000BA91F2 /* Debug */,
				F8B473C31C1D2F3000BA91F2 /* Release */,
			);
			defaultConfigurationIsVisible = 0;
		};
		F8B473C41C1D2F3000BA91F2 /* Build configuration list for PBXNativeTarget "UberTests" */ = {
			isa = XCConfigurationList;
			buildConfigurations = (
				F8B473C51C1D2F3000BA91F2 /* Debug */,
				F8B473C61C1D2F3000BA91F2 /* Release */,
			);
			defaultConfigurationIsVisible = 0;
		};
		F8B473C71C1D2F3000BA91F2 /* Build configuration list for PBXNativeTarget "UberUITests" */ = {
			isa = XCConfigurationList;
			buildConfigurations = (
				F8B473C81C1D2F3000BA91F2 /* Debug */,
				F8B473C91C1D2F3000BA91F2 /* Release */,
			);
			defaultConfigurationIsVisible = 0;
		};
/* End XCConfigurationList section */
	};
	rootObject = F8B473911C1D2F3000BA91F2 /* Project object */;
}
